
Microsoft Visual Studio Solution File, Format Version 12.00
# Visual Studio Version 17
VisualStudioVersion = 17.14.36705.20 d17.14
MinimumVisualStudioVersion = 10.0.40219.1
Project("{FAE04EC0-301F-11D3-BF4B-00C04F79EFBC}") = "стпо1", "стпо1\стпо1.csproj", "{A0F78191-56BE-4DC8-9CAB-E9BAC521CCA3}"
EndProject
Global
	GlobalSection(SolutionConfigurationPlatforms) = preSolution
		Debug|Any CPU = Debug|Any CPU
		Release|Any CPU = Release|Any CPU
	EndGlobalSection
	GlobalSection(ProjectConfigurationPlatforms) = postSolution
		{A0F78191-56BE-4DC8-9CAB-E9BAC521CCA3}.Debug|Any CPU.ActiveCfg = Debug|Any CPU
		{A0F78191-56BE-4DC8-9CAB-E9BAC521CCA3}.Debug|Any CPU.Build.0 = Debug|Any CPU
		{A0F78191-56BE-4DC8-9CAB-E9BAC521CCA3}.Release|Any CPU.ActiveCfg = Release|Any CPU
		{A0F78191-56BE-4DC8-9CAB-E9BAC521CCA3}.Release|Any CPU.Build.0 = Release|Any CPU
	EndGlobalSection
	GlobalSection(SolutionProperties) = preSolution
		HideSolutionNode = FALSE
	EndGlobalSection
	GlobalSection(ExtensibilityGlobals) = postSolution
		SolutionGuid = {832B2E9E-0678-4E3E-BC40-3AC1AFF8BD07}
	EndGlobalSection
EndGlobal
